
Microsoft Visual Studio Solution File, Format Version 12.00
# Visual Studio 15
VisualStudioVersion = 15.0.28010.2026
MinimumVisualStudioVersion = 10.0.40219.1
Project("{8BC9CEB8-8B4A-11D0-8D11-00A0C91BC942}") = "VideoStream", "VideoStream\VideoStream.vcxproj", "{EE710222-7E37-43DD-B35B-804110288FDA}"
EndProject
Project("{FAE04EC0-301F-11D3-BF4B-00C04F79EFBC}") = "CameraWrapper", "CameraWrapper\CameraWrapper.csproj", "{042E4A9A-C02E-4F4A-9028-9E3BE9EBB82B}"
EndProject
Global
	GlobalSection(SolutionConfigurationPlatforms) = preSolution
		Debug|Any CPU = Debug|Any CPU
		Debug|x64 = Debug|x64
		Debug|x86 = Debug|x86
		Release|Any CPU = Release|Any CPU
		Release|x64 = Release|x64
		Release|x86 = Release|x86
	EndGlobalSection
	GlobalSection(ProjectConfigurationPlatforms) = postSolution
		{EE710222-7E37-43DD-B35B-804110288FDA}.Debug|Any CPU.ActiveCfg = Debug|Win32
		{EE710222-7E37-43DD-B35B-804110288FDA}.Debug|x64.ActiveCfg = Debug|x64
		{EE710222-7E37-43DD-B35B-804110288FDA}.Debug|x64.Build.0 = Debug|x64
		{EE710222-7E37-43DD-B35B-804110288FDA}.Debug|x86.ActiveCfg = Debug|Win32
		{EE710222-7E37-43DD-B35B-804110288FDA}.Debug|x86.Build.0 = Debug|Win32
		{EE710222-7E37-43DD-B35B-804110288FDA}.Release|Any CPU.ActiveCfg = Release|Win32
		{EE710222-7E37-43DD-B35B-804110288FDA}.Release|x64.ActiveCfg = Release|x64
		{EE710222-7E37-43DD-B35B-804110288FDA}.Release|x64.Build.0 = Release|x64
		{EE710222-7E37-43DD-B35B-804110288FDA}.Release|x86.ActiveCfg = Release|Win32
		{EE710222-7E37-43DD-B35B-804110288FDA}.Release|x86.Build.0 = Release|Win32
		{042E4A9A-C02E-4F4A-9028-9E3BE9EBB82B}.Debug|Any CPU.ActiveCfg = Debug|Any CPU
		{042E4A9A-C02E-4F4A-9028-9E3BE9EBB82B}.Debug|Any CPU.Build.0 = Debug|Any CPU
		{042E4A9A-C02E-4F4A-9028-9E3BE9EBB82B}.Debug|x64.ActiveCfg = Debug|Any CPU
		{042E4A9A-C02E-4F4A-9028-9E3BE9EBB82B}.Debug|x64.Build.0 = Debug|Any CPU
		{042E4A9A-C02E-4F4A-9028-9E3BE9EBB82B}.Debug|x86.ActiveCfg = Debug|Any CPU
		{042E4A9A-C02E-4F4A-9028-9E3BE9EBB82B}.Debug|x86.Build.0 = Debug|Any CPU
		{042E4A9A-C02E-4F4A-9028-9E3BE9EBB82B}.Release|Any CPU.ActiveCfg = Release|Any CPU
		{042E4A9A-C02E-4F4A-9028-9E3BE9EBB82B}.Release|Any CPU.Build.0 = Release|Any CPU
		{042E4A9A-C02E-4F4A-9028-9E3BE9EBB82B}.Release|x64.ActiveCfg = Release|Any CPU
		{042E4A9A-C02E-4F4A-9028-9E3BE9EBB82B}.Release|x64.Build.0 = Release|Any CPU
		{042E4A9A-C02E-4F4A-9028-9E3BE9EBB82B}.Release|x86.ActiveCfg = Release|Any CPU
		{042E4A9A-C02E-4F4A-9028-9E3BE9EBB82B}.Release|x86.Build.0 = Release|Any CPU
	EndGlobalSection
	GlobalSection(SolutionProperties) = preSolution
		HideSolutionNode = FALSE
	EndGlobalSection
	GlobalSection(ExtensibilityGlobals) = postSolution
		SolutionGuid = {677B6713-5C88-4308-88B0-E96572C7EC13}
	EndGlobalSection
EndGlobal
